
Microsoft Visual Studio Solution File, Format Version 12.00
# Visual Studio Version 17
VisualStudioVersion = 17.9.34723.18
MinimumVisualStudioVersion = 10.0.40219.1
Project("{FAE04EC0-301F-11D3-BF4B-00C04F79EFBC}") = "lecture3_notes", "lecture3_notes\lecture3_notes.csproj", "{C0BFC6C7-64CE-4490-9D0F-A57B34E34DE8}"
EndProject
Global
	GlobalSection(SolutionConfigurationPlatforms) = preSolution
		Debug|Any CPU = Debug|Any CPU
		Release|Any CPU = Release|Any CPU
	EndGlobalSection
	GlobalSection(ProjectConfigurationPlatforms) = postSolution
		{C0BFC6C7-64CE-4490-9D0F-A57B34E34DE8}.Debug|Any CPU.ActiveCfg = Debug|Any CPU
		{C0BFC6C7-64CE-4490-9D0F-A57B34E34DE8}.Debug|Any CPU.Build.0 = Debug|Any CPU
		{C0BFC6C7-64CE-4490-9D0F-A57B34E34DE8}.Release|Any CPU.ActiveCfg = Release|Any CPU
		{C0BFC6C7-64CE-4490-9D0F-A57B34E34DE8}.Release|Any CPU.Build.0 = Release|Any CPU
	EndGlobalSection
	GlobalSection(SolutionProperties) = preSolution
		HideSolutionNode = FALSE
	EndGlobalSection
	GlobalSection(ExtensibilityGlobals) = postSolution
		SolutionGuid = {97502A77-3AF7-4055-BF23-517677762473}
	EndGlobalSection
EndGlobal
